// !$*UTF8*$!
{
	archiveVersion = 1;
	classes = {
	};
	objectVersion = 55;
	objects = {

/* Begin PBXBuildFile section */
		84C0C81128A436A800B2CE31 /* Project4_MLApp.swift in Sources */ = {isa = PBXBuildFile; fileRef = 84C0C81028A436A800B2CE31 /* Project4_MLApp.swift */; };
		84C0C81328A436A800B2CE31 /* ContentView.swift in Sources */ = {isa = PBXBuildFile; fileRef = 84C0C81228A436A800B2CE31 /* ContentView.swift */; };
		84C0C81528A436AA00B2CE31 /* Assets.xcassets in Resources */ = {isa = PBXBuildFile; fileRef = 84C0C81428A436AA00B2CE31 /* Assets.xcassets */; };
		84C0C81828A436AA00B2CE31 /* Preview Assets.xcassets in Resources */ = {isa = PBXBuildFile; fileRef = 84C0C81728A436AA00B2CE31 /* Preview Assets.xcassets */; };
		84C0C81F28A443AD00B2CE31 /* SleepControl.mlproj in Resources */ = {isa = PBXBuildFile; fileRef = 84C0C81E28A443AD00B2CE31 /* SleepControl.mlproj */; };
		84C0C82128A4FE6500B2CE31 /* SleepCalculator.mlmodel in Sources */ = {isa = PBXBuildFile; fileRef = 84C0C82028A4FE6400B2CE31 /* SleepCalculator.mlmodel */; };
/* End PBXBuildFile section */

/* Begin PBXFileReference section */
		84C0C80D28A436A800B2CE31 /* Project4_ML.app */ = {isa = PBXFileReference; explicitFileType = wrapper.application; includeInIndex = 0; path = Project4_ML.app; sourceTree = BUILT_PRODUCTS_DIR; };
		84C0C81028A436A800B2CE31 /* Project4_MLApp.swift */ = {isa = PBXFileReference; lastKnownFileType = sourcecode.swift; path = Project4_MLApp.swift; sourceTree = "<group>"; };
		84C0C81228A436A800B2CE31 /* ContentView.swift */ = {isa = PBXFileReference; lastKnownFileType = sourcecode.swift; path = ContentView.swift; sourceTree = "<group>"; };
		84C0C81428A436AA00B2CE31 /* Assets.xcassets */ = {isa = PBXFileReference; lastKnownFileType = folder.assetcatalog; path = Assets.xcassets; sourceTree = "<group>"; };
		84C0C81728A436AA00B2CE31 /* Preview Assets.xcassets */ = {isa = PBXFileReference; lastKnownFileType = folder.assetcatalog; path = "Preview Assets.xcassets"; sourceTree = "<group>"; };
		84C0C81E28A443AD00B2CE31 /* SleepControl.mlproj */ = {isa = PBXFileReference; lastKnownFileType = file; path = SleepControl.mlproj; sourceTree = SOURCE_ROOT; };
		84C0C82028A4FE6400B2CE31 /* SleepCalculator.mlmodel */ = {isa = PBXFileReference; lastKnownFileType = file.mlmodel; path = SleepCalculator.mlmodel; sourceTree = "<group>"; };
/* End PBXFileReference section */

/* Begin PBXFrameworksBuildPhase section */
		84C0C80A28A436A800B2CE31 /* Frameworks */ = {
			isa = PBXFrameworksBuildPhase;
			buildActionMask = 2147483647;
			files = (
			);
			runOnlyForDeploymentPostprocessing = 0;
		};
/* End PBXFrameworksBuildPhase section */

/* Begin PBXGroup section */
		84C0C80428A436A800B2CE31 = {
			isa = PBXGroup;
			children = (
				84C0C80F28A436A800B2CE31 /* Project4_ML */,
				84C0C80E28A436A800B2CE31 /* Products */,
			);
			sourceTree = "<group>";
		};
		84C0C80E28A436A800B2CE31 /* Products */ = {
			isa = PBXGroup;
			children = (
				84C0C80D28A436A800B2CE31 /* Project4_ML.app */,
			);
			name = Products;
			sourceTree = "<group>";
		};
		84C0C80F28A436A800B2CE31 /* Project4_ML */ = {
			isa = PBXGroup;
			children = (
				84C0C81028A436A800B2CE31 /* Project4_MLApp.swift */,
				84C0C81228A436A800B2CE31 /* ContentView.swift */,
				84C0C81E28A443AD00B2CE31 /* SleepControl.mlproj */,
				84C0C82028A4FE6400B2CE31 /* SleepCalculator.mlmodel */,
				84C0C81428A436AA00B2CE31 /* Assets.xcassets */,
				84C0C81628A436AA00B2CE31 /* Preview Content */,
			);
			path = Project4_ML;
			sourceTree = "<group>";
		};
		84C0C81628A436AA00B2CE31 /* Preview Content */ = {
			isa = PBXGroup;
			children = (
				84C0C81728A436AA00B2CE31 /* Preview Assets.xcassets */,
			);
			path = "Preview Content";
			sourceTree = "<group>";
		};
/* End PBXGroup section */

/* Begin PBXNativeTarget section */
		84C0C80C28A436A800B2CE31 /* Project4_ML */ = {
			isa = PBXNativeTarget;
			buildConfigurationList = 84C0C81B28A436AA00B2CE31 /* Build configuration list for PBXNativeTarget "Project4_ML" */;
			buildPhases = (
				84C0C80928A436A800B2CE31 /* Sources */,
				84C0C80A28A436A800B2CE31 /* Frameworks */,
				84C0C80B28A436A800B2CE31 /* Resources */,
			);
			buildRules = (
			);
			dependencies = (
			);
			name = Project4_ML;
			productName = Project4_ML;
			productReference = 84C0C80D28A436A800B2CE31 /* Project4_ML.app */;
			productType = "com.apple.product-type.application";
		};
/* End PBXNativeTarget section */

/* Begin PBXProject section */
		84C0C80528A436A800B2CE31 /* Project object */ = {
			isa = PBXProject;
			attributes = {
				BuildIndependentTargetsInParallel = 1;
				LastSwiftUpdateCheck = 1340;
				LastUpgradeCheck = 1340;
				TargetAttributes = {
					84C0C80C28A436A800B2CE31 = {
						CreatedOnToolsVersion = 13.4;
					};
				};
			};
			buildConfigurationList = 84C0C80828A436A800B2CE31 /* Build configuration list for PBXProject "Project4_ML" */;
			compatibilityVersion = "Xcode 13.0";
			developmentRegion = en;
			hasScannedForEncodings = 0;
			knownRegions = (
				en,
				Base,
			);
			mainGroup = 84C0C80428A436A800B2CE31;
			productRefGroup = 84C0C80E28A436A800B2CE31 /* Products */;
			projectDirPath = "";
			projectRoot = "";
			targets = (
				84C0C80C28A436A800B2CE31 /* Project4_ML */,
			);
		};
/* End PBXProject section */

/* Begin PBXResourcesBuildPhase section */
		84C0C80B28A436A800B2CE31 /* Resources */ = {
			isa = PBXResourcesBuildPhase;
			buildActionMask = 2147483647;
			files = (
				84C0C81828A436AA00B2CE31 /* Preview Assets.xcassets in Resources */,
				84C0C81528A436AA00B2CE31 /* Assets.xcassets in Resources */,
				84C0C81F28A443AD00B2CE31 /* SleepControl.mlproj in Resources */,
			);
			runOnlyForDeploymentPostprocessing = 0;
		};
/* End PBXResourcesBuildPhase section */

/* Begin PBXSourcesBuildPhase section */
		84C0C80928A436A800B2CE31 /* Sources */ = {
			isa = PBXSourcesBuildPhase;
			buildActionMask = 2147483647;
			files = (
				84C0C81328A436A800B2CE31 /* ContentView.swift in Sources */,
				84C0C82128A4FE6500B2CE31 /* SleepCalculator.mlmodel in Sources */,
				84C0C81128A436A800B2CE31 /* Project4_MLApp.swift in Sources */,
			);
			runOnlyForDeploymentPostprocessing = 0;
		};
/* End PBXSourcesBuildPhase section */

/* Begin XCBuildConfiguration section */
		84C0C81928A436AA00B2CE31 /* Debug */ = {
			isa = XCBuildConfiguration;
			buildSettings = {
				ALWAYS_SEARCH_USER_PATHS = NO;
				CLANG_ANALYZER_NONNULL = YES;
				CLANG_ANALYZER_NUMBER_OBJECT_CONVERSION = YES_AGGRESSIVE;
				CLANG_CXX_LANGUAGE_STANDARD = "gnu++17";
				CLANG_ENABLE_MODULES = YES;
				CLANG_ENABLE_OBJC_ARC = YES;
				CLANG_ENABLE_OBJC_WEAK = YES;
				CLANG_WARN_BLOCK_CAPTURE_AUTORELEASING = YES;
				CLANG_WARN_BOOL_CONVERSION = YES;
				CLANG_WARN_COMMA = YES;
				CLANG_WARN_CONSTANT_CONVERSION = YES;
				CLANG_WARN_DEPRECATED_OBJC_IMPLEMENTATIONS = YES;
				CLANG_WARN_DIRECT_OBJC_ISA_USAGE = YES_ERROR;
				CLANG_WARN_DOCUMENTATION_COMMENTS = YES;
				CLANG_WARN_EMPTY_BODY = YES;
				CLANG_WARN_ENUM_CONVERSION = YES;
				CLANG_WARN_INFINITE_RECURSION = YES;
				CLANG_WARN_INT_CONVERSION = YES;
				CLANG_WARN_NON_LITERAL_NULL_CONVERSION = YES;
				CLANG_WARN_OBJC_IMPLICIT_RETAIN_SELF = YES;
				CLANG_WARN_OBJC_LITERAL_CONVERSION = YES;
				CLANG_WARN_OBJC_ROOT_CLASS = YES_ERROR;
				CLANG_WARN_QUOTED_INCLUDE_IN_FRAMEWORK_HEADER = YES;
				CLANG_WARN_RANGE_LOOP_ANALYSIS = YES;
				CLANG_WARN_STRICT_PROTOTYPES = YES;
				CLANG_WARN_SUSPICIOUS_MOVE = YES;
				CLANG_WARN_UNGUARDED_AVAILABILITY = YES_AGGRESSIVE;
				CLANG_WARN_UNREACHABLE_CODE = YES;
				CLANG_WARN__DUPLICATE_METHOD_MATCH = YES;
				COPY_PHASE_STRIP = NO;
				DEBUG_INFORMATION_FORMAT = dwarf;
				ENABLE_STRICT_OBJC_MSGSEND = YES;
				ENABLE_TESTABILITY = YES;
				GCC_C_LANGUAGE_STANDARD = gnu11;
				GCC_DYNAMIC_NO_PIC = NO;
				GCC_NO_COMMON_BLOCKS = YES;
				GCC_OPTIMIZATION_LEVEL = 0;
				GCC_PREPROCESSOR_DEFINITIONS = (
					"DEBUG=1",
					"$(inherited)",
				);
				GCC_WARN_64_TO_32_BIT_CONVERSION = YES;
				GCC_WARN_ABOUT_RETURN_TYPE = YES_ERROR;
				GCC_WARN_UNDECLARED_SELECTOR = YES;
				GCC_WARN_UNINITIALIZED_AUTOS = YES_AGGRESSIVE;
				GCC_WARN_UNUSED_FUNCTION = YES;
				GCC_WARN_UNUSED_VARIABLE = YES;
				IPHONEOS_DEPLOYMENT_TARGET = 15.5;
				MTL_ENABLE_DEBUG_INFO = INCLUDE_SOURCE;
				MTL_FAST_MATH = YES;
				ONLY_ACTIVE_ARCH = YES;
				SDKROOT = iphoneos;
				SWIFT_ACTIVE_COMPILATION_CONDITIONS = DEBUG;
				SWIFT_OPTIMIZATION_LEVEL = "-Onone";
			};
			name = Debug;
		};
		84C0C81A28A436AA00B2CE31 /* Release */ = {
			isa = XCBuildConfiguration;
			buildSettings = {
				ALWAYS_SEARCH_USER_PATHS = NO;
				CLANG_ANALYZER_NONNULL = YES;
				CLANG_ANALYZER_NUMBER_OBJECT_CONVERSION = YES_AGGRESSIVE;
				CLANG_CXX_LANGUAGE_STANDARD = "gnu++17";
				CLANG_ENABLE_MODULES = YES;
				CLANG_ENABLE_OBJC_ARC = YES;
				CLANG_ENABLE_OBJC_WEAK = YES;
				CLANG_WARN_BLOCK_CAPTURE_AUTORELEASING = YES;
				CLANG_WARN_BOOL_CONVERSION = YES;
				CLANG_WARN_COMMA = YES;
				CLANG_WARN_CONSTANT_CONVERSION = YES;
				CLANG_WARN_DEPRECATED_OBJC_IMPLEMENTATIONS = YES;
				CLANG_WARN_DIRECT_OBJC_ISA_USAGE = YES_ERROR;
				CLANG_WARN_DOCUMENTATION_COMMENTS = YES;
				CLANG_WARN_EMPTY_BODY = YES;
				CLANG_WARN_ENUM_CONVERSION = YES;
				CLANG_WARN_INFINITE_RECURSION = YES;
				CLANG_WARN_INT_CONVERSION = YES;
				CLANG_WARN_NON_LITERAL_NULL_CONVERSION = YES;
				CLANG_WARN_OBJC_IMPLICIT_RETAIN_SELF = YES;
				CLANG_WARN_OBJC_LITERAL_CONVERSION = YES;
				CLANG_WARN_OBJC_ROOT_CLASS = YES_ERROR;
				CLANG_WARN_QUOTED_INCLUDE_IN_FRAMEWORK_HEADER = YES;
				CLANG_WARN_RANGE_LOOP_ANALYSIS = YES;
				CLANG_WARN_STRICT_PROTOTYPES = YES;
				CLANG_WARN_SUSPICIOUS_MOVE = YES;
				CLANG_WARN_UNGUARDED_AVAILABILITY = YES_AGGRESSIVE;
				CLANG_WARN_UNREACHABLE_CODE = YES;
				CLANG_WARN__DUPLICATE_METHOD_MATCH = YES;
				COPY_PHASE_STRIP = NO;
				DEBUG_INFORMATION_FORMAT = "dwarf-with-dsym";
				ENABLE_NS_ASSERTIONS = NO;
				ENABLE_STRICT_OBJC_MSGSEND = YES;
				GCC_C_LANGUAGE_STANDARD = gnu11;
				GCC_NO_COMMON_BLOCKS = YES;
				GCC_WARN_64_TO_32_BIT_CONVERSION = YES;
				GCC_WARN_ABOUT_RETURN_TYPE = YES_ERROR;
				GCC_WARN_UNDECLARED_SELECTOR = YES;
				GCC_WARN_UNINITIALIZED_AUTOS = YES_AGGRESSIVE;
				GCC_WARN_UNUSED_FUNCTION = YES;
				GCC_WARN_UNUSED_VARIABLE = YES;
				IPHONEOS_DEPLOYMENT_TARGET = 15.5;
				MTL_ENABLE_DEBUG_INFO = NO;
				MTL_FAST_MATH = YES;
				SDKROOT = iphoneos;
				SWIFT_COMPILATION_MODE = wholemodule;
				SWIFT_OPTIMIZATION_LEVEL = "-O";
				VALIDATE_PRODUCT = YES;
			};
			name = Release;
		};
		84C0C81C28A436AA00B2CE31 /* Debug */ = {
			isa = XCBuildConfiguration;
			buildSettings = {
				ASSETCATALOG_COMPILER_APPICON_NAME = AppIcon;
				ASSETCATALOG_COMPILER_GLOBAL_ACCENT_COLOR_NAME = AccentColor;
				CODE_SIGN_STYLE = Automatic;
				CURRENT_PROJECT_VERSION = 1;
				DEVELOPMENT_ASSET_PATHS = "\"Project4_ML/Preview Content\"";
				DEVELOPMENT_TEAM = R7U57FJ9PH;
				ENABLE_PREVIEWS = YES;
				GENERATE_INFOPLIST_FILE = YES;
				INFOPLIST_KEY_UIApplicationSceneManifest_Generation = YES;
				INFOPLIST_KEY_UIApplicationSupportsIndirectInputEvents = YES;
				INFOPLIST_KEY_UILaunchScreen_Generation = YES;
				INFOPLIST_KEY_UISupportedInterfaceOrientations_iPad = "UIInterfaceOrientationPortrait UIInterfaceOrientationPortraitUpsideDown UIInterfaceOrientationLandscapeLeft UIInterfaceOrientationLandscapeRight";
				INFOPLIST_KEY_UISupportedInterfaceOrientations_iPhone = "UIInterfaceOrientationPortrait UIInterfaceOrientationLandscapeLeft UIInterfaceOrientationLandscapeRight";
				LD_RUNPATH_SEARCH_PATHS = (
					"$(inherited)",
					"@executable_path/Frameworks",
				);
				MARKETING_VERSION = 1.0;
				PRODUCT_BUNDLE_IDENTIFIER = "matvii.Project4-ML";
				PRODUCT_NAME = "$(TARGET_NAME)";
				SWIFT_EMIT_LOC_STRINGS = YES;
				SWIFT_VERSION = 5.0;
				TARGETED_DEVICE_FAMILY = "1,2";
			};
			name = Debug;
		};
		84C0C81D28A436AA00B2CE31 /* Release */ = {
			isa = XCBuildConfiguration;
			buildSettings = {
				ASSETCATALOG_COMPILER_APPICON_NAME = AppIcon;
				ASSETCATALOG_COMPILER_GLOBAL_ACCENT_COLOR_NAME = AccentColor;
				CODE_SIGN_STYLE = Automatic;
				CURRENT_PROJECT_VERSION = 1;
				DEVELOPMENT_ASSET_PATHS = "\"Project4_ML/Preview Content\"";
				DEVELOPMENT_TEAM = R7U57FJ9PH;
				ENABLE_PREVIEWS = YES;
				GENERATE_INFOPLIST_FILE = YES;
				INFOPLIST_KEY_UIApplicationSceneManifest_Generation = YES;
				INFOPLIST_KEY_UIApplicationSupportsIndirectInputEvents = YES;
				INFOPLIST_KEY_UILaunchScreen_Generation = YES;
				INFOPLIST_KEY_UISupportedInterfaceOrientations_iPad = "UIInterfaceOrientationPortrait UIInterfaceOrientationPortraitUpsideDown UIInterfaceOrientationLandscapeLeft UIInterfaceOrientationLandscapeRight";
				INFOPLIST_KEY_UISupportedInterfaceOrientations_iPhone = "UIInterfaceOrientationPortrait UIInterfaceOrientationLandscapeLeft UIInterfaceOrientationLandscapeRight";
				LD_RUNPATH_SEARCH_PATHS = (
					"$(inherited)",
					"@executable_path/Frameworks",
				);
				MARKETING_VERSION = 1.0;
				PRODUCT_BUNDLE_IDENTIFIER = "matvii.Project4-ML";
				PRODUCT_NAME = "$(TARGET_NAME)";
				SWIFT_EMIT_LOC_STRINGS = YES;
				SWIFT_VERSION = 5.0;
				TARGETED_DEVICE_FAMILY = "1,2";
			};
			name = Release;
		};
/* End XCBuildConfiguration section */

/* Begin XCConfigurationList section */
		84C0C80828A436A800B2CE31 /* Build configuration list for PBXProject "Project4_ML" */ = {
			isa = XCConfigurationList;
			buildConfigurations = (
				84C0C81928A436AA00B2CE31 /* Debug */,
				84C0C81A28A436AA00B2CE31 /* Release */,
			);
			defaultConfigurationIsVisible = 0;
			defaultConfigurationName = Release;
		};
		84C0C81B28A436AA00B2CE31 /* Build configuration list for PBXNativeTarget "Project4_ML" */ = {
			isa = XCConfigurationList;
			buildConfigurations = (
				84C0C81C28A436AA00B2CE31 /* Debug */,
				84C0C81D28A436AA00B2CE31 /* Release */,
			);
			defaultConfigurationIsVisible = 0;
			defaultConfigurationName = Release;
		};
/* End XCConfigurationList section */
	};
	rootObject = 84C0C80528A436A800B2CE31 /* Project object */;
}
